
Microsoft Visual Studio Solution File, Format Version 12.00
# Visual Studio Version 17
VisualStudioVersion = 17.4.33110.190
MinimumVisualStudioVersion = 10.0.40219.1
Project("{9A19103F-16F7-4668-BE54-9A1E7A4F7556}") = "MyShop", "MyShop\MyShop.csproj", "{9045968C-775C-4810-87BF-74A5D4B7A9F5}"
EndProject
Project("{FAE04EC0-301F-11D3-BF4B-00C04F79EFBC}") = "MyShop.ApplicationCore", "MyShop.ClassLibrary\MyShop.ApplicationCore.csproj", "{61A170C7-DAF1-4753-8C80-50FBBA1E66DA}"
EndProject
Project("{FAE04EC0-301F-11D3-BF4B-00C04F79EFBC}") = "MyShop.Infrastructure", "MyShop.Infrastructure\MyShop.Infrastructure.csproj", "{4D4B2C55-A3E3-4ECB-80A0-8B429B69F4B2}"
EndProject
Global
	GlobalSection(SolutionConfigurationPlatforms) = preSolution
		Debug|Any CPU = Debug|Any CPU
		Release|Any CPU = Release|Any CPU
	EndGlobalSection
	GlobalSection(ProjectConfigurationPlatforms) = postSolution
		{9045968C-775C-4810-87BF-74A5D4B7A9F5}.Debug|Any CPU.ActiveCfg = Debug|Any CPU
		{9045968C-775C-4810-87BF-74A5D4B7A9F5}.Debug|Any CPU.Build.0 = Debug|Any CPU
		{9045968C-775C-4810-87BF-74A5D4B7A9F5}.Release|Any CPU.ActiveCfg = Release|Any CPU
		{9045968C-775C-4810-87BF-74A5D4B7A9F5}.Release|Any CPU.Build.0 = Release|Any CPU
		{61A170C7-DAF1-4753-8C80-50FBBA1E66DA}.Debug|Any CPU.ActiveCfg = Debug|Any CPU
		{61A170C7-DAF1-4753-8C80-50FBBA1E66DA}.Debug|Any CPU.Build.0 = Debug|Any CPU
		{61A170C7-DAF1-4753-8C80-50FBBA1E66DA}.Release|Any CPU.ActiveCfg = Release|Any CPU
		{61A170C7-DAF1-4753-8C80-50FBBA1E66DA}.Release|Any CPU.Build.0 = Release|Any CPU
		{4D4B2C55-A3E3-4ECB-80A0-8B429B69F4B2}.Debug|Any CPU.ActiveCfg = Debug|Any CPU
		{4D4B2C55-A3E3-4ECB-80A0-8B429B69F4B2}.Debug|Any CPU.Build.0 = Debug|Any CPU
		{4D4B2C55-A3E3-4ECB-80A0-8B429B69F4B2}.Release|Any CPU.ActiveCfg = Release|Any CPU
		{4D4B2C55-A3E3-4ECB-80A0-8B429B69F4B2}.Release|Any CPU.Build.0 = Release|Any CPU
	EndGlobalSection
	GlobalSection(SolutionProperties) = preSolution
		HideSolutionNode = FALSE
	EndGlobalSection
	GlobalSection(ExtensibilityGlobals) = postSolution
		SolutionGuid = {000DA24D-EA91-4F1C-873C-5991C88B6414}
	EndGlobalSection
EndGlobal
